// !$*UTF8*$!
{
	archiveVersion = 1;
	classes = {
	};
	objectVersion = 77;
	objects = {
		00000000000000000000000A = {isa = PBXFileReference; explicitFileType = wrapper.application; includeInIndex = 0; path = TransitTimes.app; sourceTree = BUILT_PRODUCTS_DIR; };
		00000000000000000000000B = {isa = PBXFileReference; explicitFileType = "wrapper.app-extension"; includeInIndex = 0; path = TransitWidget.appex; sourceTree = BUILT_PRODUCTS_DIR; };
		00000000000000000000001E = {isa = PBXBuildFile; fileRef = 00000000000000000000000B; settings = {ATTRIBUTES = (RemoveHeadersOnCopy, ); }; };
		000000000000000000000004 = {isa = PBXFileSystemSynchronizedRootGroup; path = App; sourceTree = "<group>"; };
		000000000000000000000005 = {isa = PBXFileSystemSynchronizedRootGroup; path = Widget; sourceTree = "<group>"; };
		000000000000000000000006 = {isa = PBXFileSystemSynchronizedRootGroup; path = Shared; sourceTree = "<group>"; };
		000000000000000000000007 = {isa = PBXGroup; children = (000000000000000000000004, 000000000000000000000005, 000000000000000000000006, 000000000000000000000008, ); sourceTree = "<group>"; };
		000000000000000000000008 = {isa = PBXGroup; children = (00000000000000000000000A, 00000000000000000000000B, ); name = Products; sourceTree = "<group>"; };
		000000000000000000000014 = {isa = PBXSourcesBuildPhase; buildActionMask = 2147483647; files = (); runOnlyForDeploymentPostprocessing = 0; };
		000000000000000000000015 = {isa = PBXFrameworksBuildPhase; buildActionMask = 2147483647; files = (); runOnlyForDeploymentPostprocessing = 0; };
		000000000000000000000016 = {isa = PBXResourcesBuildPhase; buildActionMask = 2147483647; files = (); runOnlyForDeploymentPostprocessing = 0; };
		000000000000000000000018 = {isa = PBXSourcesBuildPhase; buildActionMask = 2147483647; files = (); runOnlyForDeploymentPostprocessing = 0; };
		000000000000000000000019 = {isa = PBXFrameworksBuildPhase; buildActionMask = 2147483647; files = (); runOnlyForDeploymentPostprocessing = 0; };
		00000000000000000000001A = {isa = PBXResourcesBuildPhase; buildActionMask = 2147483647; files = (); runOnlyForDeploymentPostprocessing = 0; };
		000000000000000000000017 = {isa = PBXCopyFilesBuildPhase; buildActionMask = 2147483647; dstPath = ""; dstSubfolderSpec = 13; files = (00000000000000000000001E, ); name = "Embed Foundation Extensions"; runOnlyForDeploymentPostprocessing = 0; };
		000000000000000000000020 = {isa = PBXContainerItemProxy; containerPortal = 000000000000000000000001; proxyType = 1; remoteGlobalIDString = 000000000000000000000003; remoteInfo = TransitWidget; };
		00000000000000000000001F = {isa = PBXTargetDependency; target = 000000000000000000000003; targetProxy = 000000000000000000000020; };
		000000000000000000000002 = {isa = PBXNativeTarget; buildConfigurationList = 000000000000000000000029; buildPhases = (000000000000000000000014, 000000000000000000000015, 000000000000000000000016, 000000000000000000000017, ); buildRules = (); dependencies = (00000000000000000000001F, ); fileSystemSynchronizedGroups = (000000000000000000000004, 000000000000000000000006, ); name = TransitTimes; productName = TransitTimes; productReference = 00000000000000000000000A; productType = "com.apple.product-type.application"; };
		000000000000000000000003 = {isa = PBXNativeTarget; buildConfigurationList = 00000000000000000000002A; buildPhases = (000000000000000000000018, 000000000000000000000019, 00000000000000000000001A, ); buildRules = (); dependencies = (); fileSystemSynchronizedGroups = (000000000000000000000005, 000000000000000000000006, ); name = TransitWidget; productName = TransitWidget; productReference = 00000000000000000000000B; productType = "com.apple.product-type.app-extension"; };
		000000000000000000000001 = {isa = PBXProject; attributes = {BuildIndependentTargetsInParallel = 1; LastSwiftUpdateCheck = 2600; LastUpgradeCheck = 2600; }; buildConfigurationList = 000000000000000000000028; compatibilityVersion = "Xcode 14.0"; developmentRegion = en; hasScannedForEncodings = 0; knownRegions = (en, Base, ); mainGroup = 000000000000000000000007; productRefGroup = 000000000000000000000008; projectDirPath = ""; projectRoot = ""; targets = (000000000000000000000002, 000000000000000000000003, ); };
		000000000000000000000065 = {isa = XCBuildConfiguration; buildSettings = {
				ONLY_ACTIVE_ARCH = "YES";
				SWIFT_OPTIMIZATION_LEVEL = "-Onone";
				SDKROOT = "iphoneos";
				IPHONEOS_DEPLOYMENT_TARGET = "17.0";
			}; name = Debug; };
		000000000000000000000066 = {isa = XCBuildConfiguration; buildSettings = {
				SDKROOT = "iphoneos";
				IPHONEOS_DEPLOYMENT_TARGET = "17.0";
				SWIFT_COMPILATION_MODE = "wholemodule";
			}; name = Release; };
		000000000000000000000028 = {isa = XCConfigurationList; buildConfigurations = (000000000000000000000065 /* Debug */, 000000000000000000000066 /* Release */, ); defaultConfigurationIsVisible = 0; defaultConfigurationName = Release; };
		000000000000000000000067 = {isa = XCBuildConfiguration; buildSettings = {
				SDKROOT = "iphoneos";
				IPHONEOS_DEPLOYMENT_TARGET = "17.0";
				SWIFT_VERSION = "5.0";
				TARGETED_DEVICE_FAMILY = "1";
				CODE_SIGN_STYLE = "Automatic";
				DEVELOPMENT_TEAM = "HCGZHVCMXX";
				CURRENT_PROJECT_VERSION = "1";
				MARKETING_VERSION = "1.0";
				GENERATE_INFOPLIST_FILE = "NO";
				PRODUCT_BUNDLE_IDENTIFIER = "com.samvannette.transittimes";
				PRODUCT_NAME = "TransitTimes";
				INFOPLIST_FILE = "Config/App-Info.plist";
				CODE_SIGN_ENTITLEMENTS = "Config/App.entitlements";
				ASSETCATALOG_COMPILER_APPICON_NAME = "AppIcon";
				LD_RUNPATH_SEARCH_PATHS = "$(inherited) @executable_path/Frameworks";
			}; name = Debug; };
		000000000000000000000068 = {isa = XCBuildConfiguration; buildSettings = {
				SDKROOT = "iphoneos";
				IPHONEOS_DEPLOYMENT_TARGET = "17.0";
				SWIFT_VERSION = "5.0";
				TARGETED_DEVICE_FAMILY = "1";
				CODE_SIGN_STYLE = "Automatic";
				DEVELOPMENT_TEAM = "HCGZHVCMXX";
				CURRENT_PROJECT_VERSION = "1";
				MARKETING_VERSION = "1.0";
				GENERATE_INFOPLIST_FILE = "NO";
				PRODUCT_BUNDLE_IDENTIFIER = "com.samvannette.transittimes";
				PRODUCT_NAME = "TransitTimes";
				INFOPLIST_FILE = "Config/App-Info.plist";
				CODE_SIGN_ENTITLEMENTS = "Config/App.entitlements";
				ASSETCATALOG_COMPILER_APPICON_NAME = "AppIcon";
				LD_RUNPATH_SEARCH_PATHS = "$(inherited) @executable_path/Frameworks";
			}; name = Release; };
		000000000000000000000029 = {isa = XCConfigurationList; buildConfigurations = (000000000000000000000067 /* Debug */, 000000000000000000000068 /* Release */, ); defaultConfigurationIsVisible = 0; defaultConfigurationName = Release; };
		000000000000000000000069 = {isa = XCBuildConfiguration; buildSettings = {
				SDKROOT = "iphoneos";
				IPHONEOS_DEPLOYMENT_TARGET = "17.0";
				SWIFT_VERSION = "5.0";
				TARGETED_DEVICE_FAMILY = "1";
				CODE_SIGN_STYLE = "Automatic";
				DEVELOPMENT_TEAM = "HCGZHVCMXX";
				CURRENT_PROJECT_VERSION = "1";
				MARKETING_VERSION = "1.0";
				GENERATE_INFOPLIST_FILE = "NO";
				PRODUCT_BUNDLE_IDENTIFIER = "com.samvannette.transittimes.widget";
				PRODUCT_NAME = "TransitWidget";
				INFOPLIST_FILE = "Config/Widget-Info.plist";
				CODE_SIGN_ENTITLEMENTS = "Config/Widget.entitlements";
				SKIP_INSTALL = "YES";
				LD_RUNPATH_SEARCH_PATHS = "$(inherited) @executable_path/Frameworks @executable_path/../../Frameworks";
			}; name = Debug; };
		00000000000000000000006A = {isa = XCBuildConfiguration; buildSettings = {
				SDKROOT = "iphoneos";
				IPHONEOS_DEPLOYMENT_TARGET = "17.0";
				SWIFT_VERSION = "5.0";
				TARGETED_DEVICE_FAMILY = "1";
				CODE_SIGN_STYLE = "Automatic";
				DEVELOPMENT_TEAM = "HCGZHVCMXX";
				CURRENT_PROJECT_VERSION = "1";
				MARKETING_VERSION = "1.0";
				GENERATE_INFOPLIST_FILE = "NO";
				PRODUCT_BUNDLE_IDENTIFIER = "com.samvannette.transittimes.widget";
				PRODUCT_NAME = "TransitWidget";
				INFOPLIST_FILE = "Config/Widget-Info.plist";
				CODE_SIGN_ENTITLEMENTS = "Config/Widget.entitlements";
				SKIP_INSTALL = "YES";
				LD_RUNPATH_SEARCH_PATHS = "$(inherited) @executable_path/Frameworks @executable_path/../../Frameworks";
			}; name = Release; };
		00000000000000000000002A = {isa = XCConfigurationList; buildConfigurations = (000000000000000000000069 /* Debug */, 00000000000000000000006A /* Release */, ); defaultConfigurationIsVisible = 0; defaultConfigurationName = Release; };
	};
	rootObject = 000000000000000000000001;
}
